
Microsoft Visual Studio Solution File, Format Version 12.00
# Visual Studio 2012
Project("{FAE04EC0-301F-11D3-BF4B-00C04F79EFBC}") = "LanceAppRep", "LanceAppRep\LanceAppRep.csproj", "{588063BA-5885-4DB5-AF81-AF1E8E1F88D2}"
EndProject
Global
	GlobalSection(SolutionConfigurationPlatforms) = preSolution
		Debug|Any CPU = Debug|Any CPU
		Release|Any CPU = Release|Any CPU
	EndGlobalSection
	GlobalSection(ProjectConfigurationPlatforms) = postSolution
		{588063BA-5885-4DB5-AF81-AF1E8E1F88D2}.Debug|Any CPU.ActiveCfg = Debug|Any CPU
		{588063BA-5885-4DB5-AF81-AF1E8E1F88D2}.Debug|Any CPU.Build.0 = Debug|Any CPU
		{588063BA-5885-4DB5-AF81-AF1E8E1F88D2}.Release|Any CPU.ActiveCfg = Release|Any CPU
		{588063BA-5885-4DB5-AF81-AF1E8E1F88D2}.Release|Any CPU.Build.0 = Release|Any CPU
	EndGlobalSection
	GlobalSection(SolutionProperties) = preSolution
		HideSolutionNode = FALSE
	EndGlobalSection
EndGlobal
